
Microsoft Visual Studio Solution File, Format Version 12.00
# Visual Studio 2012
Project("{FAE04EC0-301F-11D3-BF4B-00C04F79EFBC}") = "AgendaTelefonica.UI", "AgendaTelefonica.UI\AgendaTelefonica.UI.csproj", "{4597525F-F5F9-4270-87F2-9C6356BEC43C}"
EndProject
Project("{2150E333-8FDC-42A3-9474-1A3956D46DE8}") = ".nuget", ".nuget", "{47785100-A0EB-40C2-8703-22D1EE7AF71F}"
	ProjectSection(SolutionItems) = preProject
		.nuget\NuGet.Config = .nuget\NuGet.Config
		.nuget\NuGet.exe = .nuget\NuGet.exe
		.nuget\NuGet.targets = .nuget\NuGet.targets
	EndProjectSection
EndProject
Project("{FAE04EC0-301F-11D3-BF4B-00C04F79EFBC}") = "AgendaTelefonica.Domain", "AgendaTelefonica.Domain\AgendaTelefonica.Domain.csproj", "{43740A65-D50C-46CC-92D1-BD5EFB160072}"
EndProject
Project("{FAE04EC0-301F-11D3-BF4B-00C04F79EFBC}") = "AgendaTelefonica.Controller", "AgendaTelefonica.Controller\AgendaTelefonica.Controller.csproj", "{4987C806-7896-41D5-8792-07DBB0658C45}"
EndProject
Global
	GlobalSection(SolutionConfigurationPlatforms) = preSolution
		Debug|Any CPU = Debug|Any CPU
		Release|Any CPU = Release|Any CPU
	EndGlobalSection
	GlobalSection(ProjectConfigurationPlatforms) = postSolution
		{4597525F-F5F9-4270-87F2-9C6356BEC43C}.Debug|Any CPU.ActiveCfg = Debug|Any CPU
		{4597525F-F5F9-4270-87F2-9C6356BEC43C}.Debug|Any CPU.Build.0 = Debug|Any CPU
		{4597525F-F5F9-4270-87F2-9C6356BEC43C}.Release|Any CPU.ActiveCfg = Release|Any CPU
		{4597525F-F5F9-4270-87F2-9C6356BEC43C}.Release|Any CPU.Build.0 = Release|Any CPU
		{43740A65-D50C-46CC-92D1-BD5EFB160072}.Debug|Any CPU.ActiveCfg = Debug|Any CPU
		{43740A65-D50C-46CC-92D1-BD5EFB160072}.Debug|Any CPU.Build.0 = Debug|Any CPU
		{43740A65-D50C-46CC-92D1-BD5EFB160072}.Release|Any CPU.ActiveCfg = Release|Any CPU
		{43740A65-D50C-46CC-92D1-BD5EFB160072}.Release|Any CPU.Build.0 = Release|Any CPU
		{4987C806-7896-41D5-8792-07DBB0658C45}.Debug|Any CPU.ActiveCfg = Debug|Any CPU
		{4987C806-7896-41D5-8792-07DBB0658C45}.Debug|Any CPU.Build.0 = Debug|Any CPU
		{4987C806-7896-41D5-8792-07DBB0658C45}.Release|Any CPU.ActiveCfg = Release|Any CPU
		{4987C806-7896-41D5-8792-07DBB0658C45}.Release|Any CPU.Build.0 = Release|Any CPU
	EndGlobalSection
	GlobalSection(SolutionProperties) = preSolution
		HideSolutionNode = FALSE
	EndGlobalSection
EndGlobal
